
Microsoft Visual Studio Solution File, Format Version 12.00
# Visual Studio Version 17
VisualStudioVersion = 17.4.33122.133
MinimumVisualStudioVersion = 10.0.40219.1
Project("{FAE04EC0-301F-11D3-BF4B-00C04F79EFBC}") = "DinoProject", "DinoProject.csproj", "{1B1D6892-79E8-43BC-91D5-EC7DB730506B}"
EndProject
Global
	GlobalSection(SolutionConfigurationPlatforms) = preSolution
		Debug|Any CPU = Debug|Any CPU
		Release|Any CPU = Release|Any CPU
	EndGlobalSection
	GlobalSection(ProjectConfigurationPlatforms) = postSolution
		{1B1D6892-79E8-43BC-91D5-EC7DB730506B}.Debug|Any CPU.ActiveCfg = Debug|Any CPU
		{1B1D6892-79E8-43BC-91D5-EC7DB730506B}.Debug|Any CPU.Build.0 = Debug|Any CPU
		{1B1D6892-79E8-43BC-91D5-EC7DB730506B}.Release|Any CPU.ActiveCfg = Release|Any CPU
		{1B1D6892-79E8-43BC-91D5-EC7DB730506B}.Release|Any CPU.Build.0 = Release|Any CPU
	EndGlobalSection
	GlobalSection(SolutionProperties) = preSolution
		HideSolutionNode = FALSE
	EndGlobalSection
	GlobalSection(ExtensibilityGlobals) = postSolution
		SolutionGuid = {175105D1-4BFF-49A3-AB52-EA753C967A23}
	EndGlobalSection
EndGlobal
